// !$*UTF8*$!
{
	archiveVersion = 1;
	classes = {
	};
	objectVersion = 50;
	objects = {

/* Begin PBXBuildFile section */
		F0D51AF125050AD000C7D6D8 /* AppDelegate.swift in Sources */ = {isa = PBXBuildFile; fileRef = F0D51AF025050AD000C7D6D8 /* AppDelegate.swift */; };
		F0D51AF325050AD000C7D6D8 /* SceneDelegate.swift in Sources */ = {isa = PBXBuildFile; fileRef = F0D51AF225050AD000C7D6D8 /* SceneDelegate.swift */; };
		F0D51AF525050AD000C7D6D8 /* ViewController.swift in Sources */ = {isa = PBXBuildFile; fileRef = F0D51AF425050AD000C7D6D8 /* ViewController.swift */; };
		F0D51AF825050AD000C7D6D8 /* Main.storyboard in Resources */ = {isa = PBXBuildFile; fileRef = F0D51AF625050AD000C7D6D8 /* Main.storyboard */; };
		F0D51AFA25050AD100C7D6D8 /* Assets.xcassets in Resources */ = {isa = PBXBuildFile; fileRef = F0D51AF925050AD100C7D6D8 /* Assets.xcassets */; };
		F0D51AFD25050AD100C7D6D8 /* LaunchScreen.storyboard in Resources */ = {isa = PBXBuildFile; fileRef = F0D51AFB25050AD100C7D6D8 /* LaunchScreen.storyboard */; };
/* End PBXBuildFile section */

/* Begin PBXFileReference section */
		F0D51AED25050AD000C7D6D8 /* HapticFeedback.app */ = {isa = PBXFileReference; explicitFileType = wrapper.application; includeInIndex = 0; path = HapticFeedback.app; sourceTree = BUILT_PRODUCTS_DIR; };
		F0D51AF025050AD000C7D6D8 /* AppDelegate.swift */ = {isa = PBXFileReference; lastKnownFileType = sourcecode.swift; path = AppDelegate.swift; sourceTree = "<group>"; };
		F0D51AF225050AD000C7D6D8 /* SceneDelegate.swift */ = {isa = PBXFileReference; lastKnownFileType = sourcecode.swift; path = SceneDelegate.swift; sourceTree = "<group>"; };
		F0D51AF425050AD000C7D6D8 /* ViewController.swift */ = {isa = PBXFileReference; lastKnownFileType = sourcecode.swift; path = ViewController.swift; sourceTree = "<group>"; };
		F0D51AF725050AD000C7D6D8 /* Base */ = {isa = PBXFileReference; lastKnownFileType = file.storyboard; name = Base; path = Base.lproj/Main.storyboard; sourceTree = "<group>"; };
		F0D51AF925050AD100C7D6D8 /* Assets.xcassets */ = {isa = PBXFileReference; lastKnownFileType = folder.assetcatalog; path = Assets.xcassets; sourceTree = "<group>"; };
		F0D51AFC25050AD100C7D6D8 /* Base */ = {isa = PBXFileReference; lastKnownFileType = file.storyboard; name = Base; path = Base.lproj/LaunchScreen.storyboard; sourceTree = "<group>"; };
		F0D51AFE25050AD100C7D6D8 /* Info.plist */ = {isa = PBXFileReference; lastKnownFileType = text.plist.xml; path = Info.plist; sourceTree = "<group>"; };
/* End PBXFileReference section */

/* Begin PBXFrameworksBuildPhase section */
		F0D51AEA25050AD000C7D6D8 /* Frameworks */ = {
			isa = PBXFrameworksBuildPhase;
			buildActionMask = 2147483647;
			files = (
			);
			runOnlyForDeploymentPostprocessing = 0;
		};
/* End PBXFrameworksBuildPhase section */

/* Begin PBXGroup section */
		F0D51AE425050AD000C7D6D8 = {
			isa = PBXGroup;
			children = (
				F0D51AEF25050AD000C7D6D8 /* HapticFeedback */,
				F0D51AEE25050AD000C7D6D8 /* Products */,
			);
			sourceTree = "<group>";
		};
		F0D51AEE25050AD000C7D6D8 /* Products */ = {
			isa = PBXGroup;
			children = (
				F0D51AED25050AD000C7D6D8 /* HapticFeedback.app */,
			);
			name = Products;
			sourceTree = "<group>";
		};
		F0D51AEF25050AD000C7D6D8 /* HapticFeedback */ = {
			isa = PBXGroup;
			children = (
				F0D51AF025050AD000C7D6D8 /* AppDelegate.swift */,
				F0D51AF225050AD000C7D6D8 /* SceneDelegate.swift */,
				F0D51AF425050AD000C7D6D8 /* ViewController.swift */,
				F0D51AF625050AD000C7D6D8 /* Main.storyboard */,
				F0D51AF925050AD100C7D6D8 /* Assets.xcassets */,
				F0D51AFB25050AD100C7D6D8 /* LaunchScreen.storyboard */,
				F0D51AFE25050AD100C7D6D8 /* Info.plist */,
			);
			path = HapticFeedback;
			sourceTree = "<group>";
		};
/* End PBXGroup section */

/* Begin PBXNativeTarget section */
		F0D51AEC25050AD000C7D6D8 /* HapticFeedback */ = {
			isa = PBXNativeTarget;
			buildConfigurationList = F0D51B0125050AD100C7D6D8 /* Build configuration list for PBXNativeTarget "HapticFeedback" */;
			buildPhases = (
				F0D51AE925050AD000C7D6D8 /* Sources */,
				F0D51AEA25050AD000C7D6D8 /* Frameworks */,
				F0D51AEB25050AD000C7D6D8 /* Resources */,
			);
			buildRules = (
			);
			dependencies = (
			);
			name = HapticFeedback;
			productName = HapticFeedback;
			productReference = F0D51AED25050AD000C7D6D8 /* HapticFeedback.app */;
			productType = "com.apple.product-type.application";
		};
/* End PBXNativeTarget section */

/* Begin PBXProject section */
		F0D51AE525050AD000C7D6D8 /* Project object */ = {
			isa = PBXProject;
			attributes = {
				LastSwiftUpdateCheck = 1170;
				LastUpgradeCheck = 1170;
				ORGANIZATIONNAME = StartupBuilder.INFO;
				TargetAttributes = {
					F0D51AEC25050AD000C7D6D8 = {
						CreatedOnToolsVersion = 11.7;
					};
				};
			};
			buildConfigurationList = F0D51AE825050AD000C7D6D8 /* Build configuration list for PBXProject "HapticFeedback" */;
			compatibilityVersion = "Xcode 9.3";
			developmentRegion = en;
			hasScannedForEncodings = 0;
			knownRegions = (
				en,
				Base,
			);
			mainGroup = F0D51AE425050AD000C7D6D8;
			productRefGroup = F0D51AEE25050AD000C7D6D8 /* Products */;
			projectDirPath = "";
			projectRoot = "";
			targets = (
				F0D51AEC25050AD000C7D6D8 /* HapticFeedback */,
			);
		};
/* End PBXProject section */

/* Begin PBXResourcesBuildPhase section */
		F0D51AEB25050AD000C7D6D8 /* Resources */ = {
			isa = PBXResourcesBuildPhase;
			buildActionMask = 2147483647;
			files = (
				F0D51AFD25050AD100C7D6D8 /* LaunchScreen.storyboard in Resources */,
				F0D51AFA25050AD100C7D6D8 /* Assets.xcassets in Resources */,
				F0D51AF825050AD000C7D6D8 /* Main.storyboard in Resources */,
			);
			runOnlyForDeploymentPostprocessing = 0;
		};
/* End PBXResourcesBuildPhase section */

/* Begin PBXSourcesBuildPhase section */
		F0D51AE925050AD000C7D6D8 /* Sources */ = {
			isa = PBXSourcesBuildPhase;
			buildActionMask = 2147483647;
			files = (
				F0D51AF525050AD000C7D6D8 /* ViewController.swift in Sources */,
				F0D51AF125050AD000C7D6D8 /* AppDelegate.swift in Sources */,
				F0D51AF325050AD000C7D6D8 /* SceneDelegate.swift in Sources */,
			);
			runOnlyForDeploymentPostprocessing = 0;
		};
/* End PBXSourcesBuildPhase section */

/* Begin PBXVariantGroup section */
		F0D51AF625050AD000C7D6D8 /* Main.storyboard */ = {
			isa = PBXVariantGroup;
			children = (
				F0D51AF725050AD000C7D6D8 /* Base */,
			);
			name = Main.storyboard;
			sourceTree = "<group>";
		};
		F0D51AFB25050AD100C7D6D8 /* LaunchScreen.storyboard */ = {
			isa = PBXVariantGroup;
			children = (
				F0D51AFC25050AD100C7D6D8 /* Base */,
			);
			name = LaunchScreen.storyboard;
			sourceTree = "<group>";
		};
/* End PBXVariantGroup section */

/* Begin XCBuildConfiguration section */
		F0D51AFF25050AD100C7D6D8 /* Debug */ = {
			isa = XCBuildConfiguration;
			buildSettings = {
				ALWAYS_SEARCH_USER_PATHS = NO;
				CLANG_ANALYZER_NONNULL = YES;
				CLANG_ANALYZER_NUMBER_OBJECT_CONVERSION = YES_AGGRESSIVE;
				CLANG_CXX_LANGUAGE_STANDARD = "gnu++14";
				CLANG_CXX_LIBRARY = "libc++";
				CLANG_ENABLE_MODULES = YES;
				CLANG_ENABLE_OBJC_ARC = YES;
				CLANG_ENABLE_OBJC_WEAK = YES;
				CLANG_WARN_BLOCK_CAPTURE_AUTORELEASING = YES;
				CLANG_WARN_BOOL_CONVERSION = YES;
				CLANG_WARN_COMMA = YES;
				CLANG_WARN_CONSTANT_CONVERSION = YES;
				CLANG_WARN_DEPRECATED_OBJC_IMPLEMENTATIONS = YES;
				CLANG_WARN_DIRECT_OBJC_ISA_USAGE = YES_ERROR;
				CLANG_WARN_DOCUMENTATION_COMMENTS = YES;
				CLANG_WARN_EMPTY_BODY = YES;
				CLANG_WARN_ENUM_CONVERSION = YES;
				CLANG_WARN_INFINITE_RECURSION = YES;
				CLANG_WARN_INT_CONVERSION = YES;
				CLANG_WARN_NON_LITERAL_NULL_CONVERSION = YES;
				CLANG_WARN_OBJC_IMPLICIT_RETAIN_SELF = YES;
				CLANG_WARN_OBJC_LITERAL_CONVERSION = YES;
				CLANG_WARN_OBJC_ROOT_CLASS = YES_ERROR;
				CLANG_WARN_RANGE_LOOP_ANALYSIS = YES;
				CLANG_WARN_STRICT_PROTOTYPES = YES;
				CLANG_WARN_SUSPICIOUS_MOVE = YES;
				CLANG_WARN_UNGUARDED_AVAILABILITY = YES_AGGRESSIVE;
				CLANG_WARN_UNREACHABLE_CODE = YES;
				CLANG_WARN__DUPLICATE_METHOD_MATCH = YES;
				COPY_PHASE_STRIP = NO;
				DEBUG_INFORMATION_FORMAT = dwarf;
				ENABLE_STRICT_OBJC_MSGSEND = YES;
				ENABLE_TESTABILITY = YES;
				GCC_C_LANGUAGE_STANDARD = gnu11;
				GCC_DYNAMIC_NO_PIC = NO;
				GCC_NO_COMMON_BLOCKS = YES;
				GCC_OPTIMIZATION_LEVEL = 0;
				GCC_PREPROCESSOR_DEFINITIONS = (
					"DEBUG=1",
					"$(inherited)",
				);
				GCC_WARN_64_TO_32_BIT_CONVERSION = YES;
				GCC_WARN_ABOUT_RETURN_TYPE = YES_ERROR;
				GCC_WARN_UNDECLARED_SELECTOR = YES;
				GCC_WARN_UNINITIALIZED_AUTOS = YES_AGGRESSIVE;
				GCC_WARN_UNUSED_FUNCTION = YES;
				GCC_WARN_UNUSED_VARIABLE = YES;
				IPHONEOS_DEPLOYMENT_TARGET = 13.7;
				MTL_ENABLE_DEBUG_INFO = INCLUDE_SOURCE;
				MTL_FAST_MATH = YES;
				ONLY_ACTIVE_ARCH = YES;
				SDKROOT = iphoneos;
				SWIFT_ACTIVE_COMPILATION_CONDITIONS = DEBUG;
				SWIFT_OPTIMIZATION_LEVEL = "-Onone";
			};
			name = Debug;
		};
		F0D51B0025050AD100C7D6D8 /* Release */ = {
			isa = XCBuildConfiguration;
			buildSettings = {
				ALWAYS_SEARCH_USER_PATHS = NO;
				CLANG_ANALYZER_NONNULL = YES;
				CLANG_ANALYZER_NUMBER_OBJECT_CONVERSION = YES_AGGRESSIVE;
				CLANG_CXX_LANGUAGE_STANDARD = "gnu++14";
				CLANG_CXX_LIBRARY = "libc++";
				CLANG_ENABLE_MODULES = YES;
				CLANG_ENABLE_OBJC_ARC = YES;
				CLANG_ENABLE_OBJC_WEAK = YES;
				CLANG_WARN_BLOCK_CAPTURE_AUTORELEASING = YES;
				CLANG_WARN_BOOL_CONVERSION = YES;
				CLANG_WARN_COMMA = YES;
				CLANG_WARN_CONSTANT_CONVERSION = YES;
				CLANG_WARN_DEPRECATED_OBJC_IMPLEMENTATIONS = YES;
				CLANG_WARN_DIRECT_OBJC_ISA_USAGE = YES_ERROR;
				CLANG_WARN_DOCUMENTATION_COMMENTS = YES;
				CLANG_WARN_EMPTY_BODY = YES;
				CLANG_WARN_ENUM_CONVERSION = YES;
				CLANG_WARN_INFINITE_RECURSION = YES;
				CLANG_WARN_INT_CONVERSION = YES;
				CLANG_WARN_NON_LITERAL_NULL_CONVERSION = YES;
				CLANG_WARN_OBJC_IMPLICIT_RETAIN_SELF = YES;
				CLANG_WARN_OBJC_LITERAL_CONVERSION = YES;
				CLANG_WARN_OBJC_ROOT_CLASS = YES_ERROR;
				CLANG_WARN_RANGE_LOOP_ANALYSIS = YES;
				CLANG_WARN_STRICT_PROTOTYPES = YES;
				CLANG_WARN_SUSPICIOUS_MOVE = YES;
				CLANG_WARN_UNGUARDED_AVAILABILITY = YES_AGGRESSIVE;
				CLANG_WARN_UNREACHABLE_CODE = YES;
				CLANG_WARN__DUPLICATE_METHOD_MATCH = YES;
				COPY_PHASE_STRIP = NO;
				DEBUG_INFORMATION_FORMAT = "dwarf-with-dsym";
				ENABLE_NS_ASSERTIONS = NO;
				ENABLE_STRICT_OBJC_MSGSEND = YES;
				GCC_C_LANGUAGE_STANDARD = gnu11;
				GCC_NO_COMMON_BLOCKS = YES;
				GCC_WARN_64_TO_32_BIT_CONVERSION = YES;
				GCC_WARN_ABOUT_RETURN_TYPE = YES_ERROR;
				GCC_WARN_UNDECLARED_SELECTOR = YES;
				GCC_WARN_UNINITIALIZED_AUTOS = YES_AGGRESSIVE;
				GCC_WARN_UNUSED_FUNCTION = YES;
				GCC_WARN_UNUSED_VARIABLE = YES;
				IPHONEOS_DEPLOYMENT_TARGET = 13.7;
				MTL_ENABLE_DEBUG_INFO = NO;
				MTL_FAST_MATH = YES;
				SDKROOT = iphoneos;
				SWIFT_COMPILATION_MODE = wholemodule;
				SWIFT_OPTIMIZATION_LEVEL = "-O";
				VALIDATE_PRODUCT = YES;
			};
			name = Release;
		};
		F0D51B0225050AD100C7D6D8 /* Debug */ = {
			isa = XCBuildConfiguration;
			buildSettings = {
				ASSETCATALOG_COMPILER_APPICON_NAME = AppIcon;
				CODE_SIGN_STYLE = Automatic;
				DEVELOPMENT_TEAM = URYAKN64F7;
				INFOPLIST_FILE = HapticFeedback/Info.plist;
				LD_RUNPATH_SEARCH_PATHS = (
					"$(inherited)",
					"@executable_path/Frameworks",
				);
				PRODUCT_BUNDLE_IDENTIFIER = info.startupbuilder.hapticfeedback.HapticFeedback;
				PRODUCT_NAME = "$(TARGET_NAME)";
				SWIFT_VERSION = 5.0;
				TARGETED_DEVICE_FAMILY = "1,2";
			};
			name = Debug;
		};
		F0D51B0325050AD100C7D6D8 /* Release */ = {
			isa = XCBuildConfiguration;
			buildSettings = {
				ASSETCATALOG_COMPILER_APPICON_NAME = AppIcon;
				CODE_SIGN_STYLE = Automatic;
				DEVELOPMENT_TEAM = URYAKN64F7;
				INFOPLIST_FILE = HapticFeedback/Info.plist;
				LD_RUNPATH_SEARCH_PATHS = (
					"$(inherited)",
					"@executable_path/Frameworks",
				);
				PRODUCT_BUNDLE_IDENTIFIER = info.startupbuilder.hapticfeedback.HapticFeedback;
				PRODUCT_NAME = "$(TARGET_NAME)";
				SWIFT_VERSION = 5.0;
				TARGETED_DEVICE_FAMILY = "1,2";
			};
			name = Release;
		};
/* End XCBuildConfiguration section */

/* Begin XCConfigurationList section */
		F0D51AE825050AD000C7D6D8 /* Build configuration list for PBXProject "HapticFeedback" */ = {
			isa = XCConfigurationList;
			buildConfigurations = (
				F0D51AFF25050AD100C7D6D8 /* Debug */,
				F0D51B0025050AD100C7D6D8 /* Release */,
			);
			defaultConfigurationIsVisible = 0;
			defaultConfigurationName = Release;
		};
		F0D51B0125050AD100C7D6D8 /* Build configuration list for PBXNativeTarget "HapticFeedback" */ = {
			isa = XCConfigurationList;
			buildConfigurations = (
				F0D51B0225050AD100C7D6D8 /* Debug */,
				F0D51B0325050AD100C7D6D8 /* Release */,
			);
			defaultConfigurationIsVisible = 0;
			defaultConfigurationName = Release;
		};
/* End XCConfigurationList section */
	};
	rootObject = F0D51AE525050AD000C7D6D8 /* Project object */;
}
